
Microsoft Visual Studio Solution File, Format Version 12.00
# Visual Studio 15
VisualStudioVersion = 15.0.27004.2010
MinimumVisualStudioVersion = 10.0.40219.1
Project("{FAE04EC0-301F-11D3-BF4B-00C04F79EFBC}") = "DelegateEvent", "DelegateEvent\DelegateEvent.csproj", "{E0808240-B339-4BB7-ABF7-40473A02A00C}"
EndProject
Global
	GlobalSection(SolutionConfigurationPlatforms) = preSolution
		Debug|Any CPU = Debug|Any CPU
		Release|Any CPU = Release|Any CPU
	EndGlobalSection
	GlobalSection(ProjectConfigurationPlatforms) = postSolution
		{E0808240-B339-4BB7-ABF7-40473A02A00C}.Debug|Any CPU.ActiveCfg = Debug|Any CPU
		{E0808240-B339-4BB7-ABF7-40473A02A00C}.Debug|Any CPU.Build.0 = Debug|Any CPU
		{E0808240-B339-4BB7-ABF7-40473A02A00C}.Release|Any CPU.ActiveCfg = Release|Any CPU
		{E0808240-B339-4BB7-ABF7-40473A02A00C}.Release|Any CPU.Build.0 = Release|Any CPU
	EndGlobalSection
	GlobalSection(SolutionProperties) = preSolution
		HideSolutionNode = FALSE
	EndGlobalSection
	GlobalSection(ExtensibilityGlobals) = postSolution
		SolutionGuid = {81F71568-E6CF-490E-92AF-86966AF2438F}
	EndGlobalSection
EndGlobal
